
Microsoft Visual Studio Solution File, Format Version 12.00
# Visual Studio Version 16
VisualStudioVersion = 16.0.31829.152
MinimumVisualStudioVersion = 10.0.40219.1
Project("{FAE04EC0-301F-11D3-BF4B-00C04F79EFBC}") = "Task6_1", "Task6_1\Task6_1.csproj", "{FEEE69F1-125C-42E0-B9B7-42C9425A34AE}"
EndProject
Project("{FAE04EC0-301F-11D3-BF4B-00C04F79EFBC}") = "Task6_2", "Task6_2\Task6_2.csproj", "{BB8D0E2E-7BEB-4654-B2C4-6B80E6A412D9}"
EndProject
Project("{FAE04EC0-301F-11D3-BF4B-00C04F79EFBC}") = "Task6_3", "Task6_3\Task6_3.csproj", "{E2B8DD31-7E0A-46FC-B37C-C016D17C5237}"
EndProject
Global
	GlobalSection(SolutionConfigurationPlatforms) = preSolution
		Debug|Any CPU = Debug|Any CPU
		Release|Any CPU = Release|Any CPU
	EndGlobalSection
	GlobalSection(ProjectConfigurationPlatforms) = postSolution
		{FEEE69F1-125C-42E0-B9B7-42C9425A34AE}.Debug|Any CPU.ActiveCfg = Debug|Any CPU
		{FEEE69F1-125C-42E0-B9B7-42C9425A34AE}.Debug|Any CPU.Build.0 = Debug|Any CPU
		{FEEE69F1-125C-42E0-B9B7-42C9425A34AE}.Release|Any CPU.ActiveCfg = Release|Any CPU
		{FEEE69F1-125C-42E0-B9B7-42C9425A34AE}.Release|Any CPU.Build.0 = Release|Any CPU
		{BB8D0E2E-7BEB-4654-B2C4-6B80E6A412D9}.Debug|Any CPU.ActiveCfg = Debug|Any CPU
		{BB8D0E2E-7BEB-4654-B2C4-6B80E6A412D9}.Debug|Any CPU.Build.0 = Debug|Any CPU
		{BB8D0E2E-7BEB-4654-B2C4-6B80E6A412D9}.Release|Any CPU.ActiveCfg = Release|Any CPU
		{BB8D0E2E-7BEB-4654-B2C4-6B80E6A412D9}.Release|Any CPU.Build.0 = Release|Any CPU
		{E2B8DD31-7E0A-46FC-B37C-C016D17C5237}.Debug|Any CPU.ActiveCfg = Debug|Any CPU
		{E2B8DD31-7E0A-46FC-B37C-C016D17C5237}.Debug|Any CPU.Build.0 = Debug|Any CPU
		{E2B8DD31-7E0A-46FC-B37C-C016D17C5237}.Release|Any CPU.ActiveCfg = Release|Any CPU
		{E2B8DD31-7E0A-46FC-B37C-C016D17C5237}.Release|Any CPU.Build.0 = Release|Any CPU
	EndGlobalSection
	GlobalSection(SolutionProperties) = preSolution
		HideSolutionNode = FALSE
	EndGlobalSection
	GlobalSection(ExtensibilityGlobals) = postSolution
		SolutionGuid = {6B45FA89-D7FD-460C-B108-8A92B8F8E95F}
	EndGlobalSection
EndGlobal
