
Microsoft Visual Studio Solution File, Format Version 12.00
# Visual Studio Version 16
VisualStudioVersion = 16.0.31911.196
MinimumVisualStudioVersion = 10.0.40219.1
Project("{FAE04EC0-301F-11D3-BF4B-00C04F79EFBC}") = "Task19_1", "Task19_1\Task19_1.csproj", "{51CBA9A7-ABDD-41B3-9984-8BF91D618BA6}"
EndProject
Global
	GlobalSection(SolutionConfigurationPlatforms) = preSolution
		Debug|Any CPU = Debug|Any CPU
		Release|Any CPU = Release|Any CPU
	EndGlobalSection
	GlobalSection(ProjectConfigurationPlatforms) = postSolution
		{51CBA9A7-ABDD-41B3-9984-8BF91D618BA6}.Debug|Any CPU.ActiveCfg = Debug|Any CPU
		{51CBA9A7-ABDD-41B3-9984-8BF91D618BA6}.Debug|Any CPU.Build.0 = Debug|Any CPU
		{51CBA9A7-ABDD-41B3-9984-8BF91D618BA6}.Release|Any CPU.ActiveCfg = Release|Any CPU
		{51CBA9A7-ABDD-41B3-9984-8BF91D618BA6}.Release|Any CPU.Build.0 = Release|Any CPU
	EndGlobalSection
	GlobalSection(SolutionProperties) = preSolution
		HideSolutionNode = FALSE
	EndGlobalSection
	GlobalSection(ExtensibilityGlobals) = postSolution
		SolutionGuid = {C977B43D-1E1B-43DA-9566-CE0AFE396195}
	EndGlobalSection
EndGlobal
